// !$*UTF8*$!
{
	archiveVersion = 1;
	classes = {
	};
	objectVersion = 56;
	objects = {

/* Begin PBXBuildFile section */
		87036AFB2AACA2B000AD38C6 /* MovieQuery.swift in Sources */ = {isa = PBXBuildFile; fileRef = 87036AFA2AACA2B000AD38C6 /* MovieQuery.swift */; };
		87036AFD2AACA4CE00AD38C6 /* MovieDetail.swift in Sources */ = {isa = PBXBuildFile; fileRef = 87036AFC2AACA4CE00AD38C6 /* MovieDetail.swift */; };
		87036AFF2AACA66300AD38C6 /* MoviesRequestDTO+Mapping.swift in Sources */ = {isa = PBXBuildFile; fileRef = 87036AFE2AACA66300AD38C6 /* MoviesRequestDTO+Mapping.swift */; };
		87036B012AACA70900AD38C6 /* MoviesQueryResponseDTO+Mapping.swift in Sources */ = {isa = PBXBuildFile; fileRef = 87036B002AACA70900AD38C6 /* MoviesQueryResponseDTO+Mapping.swift */; };
		87036B032AACB30700AD38C6 /* SearchMoviesUseCase.swift in Sources */ = {isa = PBXBuildFile; fileRef = 87036B022AACB30700AD38C6 /* SearchMoviesUseCase.swift */; };
		87036B052AACB31800AD38C6 /* FetchRecentMovieQueriesUseCase.swift in Sources */ = {isa = PBXBuildFile; fileRef = 87036B042AACB31800AD38C6 /* FetchRecentMovieQueriesUseCase.swift */; };
		87036B072AACB3AF00AD38C6 /* MovieRepository.swift in Sources */ = {isa = PBXBuildFile; fileRef = 87036B062AACB3AF00AD38C6 /* MovieRepository.swift */; };
		87036B0D2AACB58700AD38C6 /* DataTransferService.swift in Sources */ = {isa = PBXBuildFile; fileRef = 87036B0C2AACB58700AD38C6 /* DataTransferService.swift */; };
		87036B0F2AACB5C100AD38C6 /* NetworkService.swift in Sources */ = {isa = PBXBuildFile; fileRef = 87036B0E2AACB5C100AD38C6 /* NetworkService.swift */; };
		87036B112AACB68000AD38C6 /* NetworkConfig.swift in Sources */ = {isa = PBXBuildFile; fileRef = 87036B102AACB68000AD38C6 /* NetworkConfig.swift */; };
		87036B132AACB68A00AD38C6 /* Endpoint.swift in Sources */ = {isa = PBXBuildFile; fileRef = 87036B122AACB68A00AD38C6 /* Endpoint.swift */; };
		87036B152AACE7F500AD38C6 /* DefaultMoviesRepository.swift in Sources */ = {isa = PBXBuildFile; fileRef = 87036B142AACE7F500AD38C6 /* DefaultMoviesRepository.swift */; };
		87036B182AACE87100AD38C6 /* MoviesResponseStorage.swift in Sources */ = {isa = PBXBuildFile; fileRef = 87036B172AACE87100AD38C6 /* MoviesResponseStorage.swift */; };
		87036B1B2AACE91400AD38C6 /* RepositoryTask.swift in Sources */ = {isa = PBXBuildFile; fileRef = 87036B1A2AACE91400AD38C6 /* RepositoryTask.swift */; };
		87036B1E2AACEB6A00AD38C6 /* Cancellable.swift in Sources */ = {isa = PBXBuildFile; fileRef = 87036B1D2AACEB6A00AD38C6 /* Cancellable.swift */; };
		871D0F152A97D0A30097D6F1 /* AppDelegate.swift in Sources */ = {isa = PBXBuildFile; fileRef = 871D0F142A97D0A30097D6F1 /* AppDelegate.swift */; };
		871D0F172A97D0A30097D6F1 /* SceneDelegate.swift in Sources */ = {isa = PBXBuildFile; fileRef = 871D0F162A97D0A30097D6F1 /* SceneDelegate.swift */; };
		871D0F1C2A97D0A30097D6F1 /* Main.storyboard in Resources */ = {isa = PBXBuildFile; fileRef = 871D0F1A2A97D0A30097D6F1 /* Main.storyboard */; };
		871D0F1E2A97D0A40097D6F1 /* Assets.xcassets in Resources */ = {isa = PBXBuildFile; fileRef = 871D0F1D2A97D0A40097D6F1 /* Assets.xcassets */; };
		871D0F212A97D0A40097D6F1 /* LaunchScreen.storyboard in Resources */ = {isa = PBXBuildFile; fileRef = 871D0F1F2A97D0A40097D6F1 /* LaunchScreen.storyboard */; };
		871D0F3C2A97DF240097D6F1 /* MovieInfo.plist in Resources */ = {isa = PBXBuildFile; fileRef = 871D0F3B2A97DF240097D6F1 /* MovieInfo.plist */; };
		871D0F3E2A97DFC30097D6F1 /* HideApiKey++Bundle.swift in Sources */ = {isa = PBXBuildFile; fileRef = 871D0F3D2A97DFC30097D6F1 /* HideApiKey++Bundle.swift */; };
		871D0F402A98D8A00097D6F1 /* StoryboardInstantiable.swift in Sources */ = {isa = PBXBuildFile; fileRef = 871D0F3F2A98D8A00097D6F1 /* StoryboardInstantiable.swift */; };
		871D0F472A98E0E00097D6F1 /* MovieDiscover.swift in Sources */ = {isa = PBXBuildFile; fileRef = 871D0F462A98E0E00097D6F1 /* MovieDiscover.swift */; };
		871D0F492A98E2DF0097D6F1 /* MoviesDiscoverResponseDTO+Mapping.swift in Sources */ = {isa = PBXBuildFile; fileRef = 871D0F482A98E2DF0097D6F1 /* MoviesDiscoverResponseDTO+Mapping.swift */; };
		871D0F4B2A99087A0097D6F1 /* MovieDiscoverOrigin.swift in Sources */ = {isa = PBXBuildFile; fileRef = 871D0F4A2A99087A0097D6F1 /* MovieDiscoverOrigin.swift */; };
		871D0F4D2A990A3B0097D6F1 /* APIEndpoints.swift in Sources */ = {isa = PBXBuildFile; fileRef = 871D0F4C2A990A3B0097D6F1 /* APIEndpoints.swift */; };
		871D0F512A99111C0097D6F1 /* MovieRankingViewModel.swift in Sources */ = {isa = PBXBuildFile; fileRef = 871D0F502A99111C0097D6F1 /* MovieRankingViewModel.swift */; };
		871D0F5A2A9914E60097D6F1 /* Alamofire in Frameworks */ = {isa = PBXBuildFile; productRef = 871D0F592A9914E60097D6F1 /* Alamofire */; };
		871D0F5E2A9920110097D6F1 /* MovieRankingViewController.swift in Sources */ = {isa = PBXBuildFile; fileRef = 871D0F5D2A9920110097D6F1 /* MovieRankingViewController.swift */; };
		871D0F612A99217A0097D6F1 /* SDWebImage in Frameworks */ = {isa = PBXBuildFile; productRef = 871D0F602A99217A0097D6F1 /* SDWebImage */; };
		871D0F632A99233E0097D6F1 /* Movie.swift in Sources */ = {isa = PBXBuildFile; fileRef = 871D0F622A99233E0097D6F1 /* Movie.swift */; };
/* End PBXBuildFile section */

/* Begin PBXFileReference section */
		87036AFA2AACA2B000AD38C6 /* MovieQuery.swift */ = {isa = PBXFileReference; lastKnownFileType = sourcecode.swift; path = MovieQuery.swift; sourceTree = "<group>"; };
		87036AFC2AACA4CE00AD38C6 /* MovieDetail.swift */ = {isa = PBXFileReference; lastKnownFileType = sourcecode.swift; path = MovieDetail.swift; sourceTree = "<group>"; };
		87036AFE2AACA66300AD38C6 /* MoviesRequestDTO+Mapping.swift */ = {isa = PBXFileReference; lastKnownFileType = sourcecode.swift; path = "MoviesRequestDTO+Mapping.swift"; sourceTree = "<group>"; };
		87036B002AACA70900AD38C6 /* MoviesQueryResponseDTO+Mapping.swift */ = {isa = PBXFileReference; lastKnownFileType = sourcecode.swift; path = "MoviesQueryResponseDTO+Mapping.swift"; sourceTree = "<group>"; };
		87036B022AACB30700AD38C6 /* SearchMoviesUseCase.swift */ = {isa = PBXFileReference; lastKnownFileType = sourcecode.swift; path = SearchMoviesUseCase.swift; sourceTree = "<group>"; };
		87036B042AACB31800AD38C6 /* FetchRecentMovieQueriesUseCase.swift */ = {isa = PBXFileReference; lastKnownFileType = sourcecode.swift; path = FetchRecentMovieQueriesUseCase.swift; sourceTree = "<group>"; };
		87036B062AACB3AF00AD38C6 /* MovieRepository.swift */ = {isa = PBXFileReference; lastKnownFileType = sourcecode.swift; path = MovieRepository.swift; sourceTree = "<group>"; };
		87036B0C2AACB58700AD38C6 /* DataTransferService.swift */ = {isa = PBXFileReference; lastKnownFileType = sourcecode.swift; path = DataTransferService.swift; sourceTree = "<group>"; };
		87036B0E2AACB5C100AD38C6 /* NetworkService.swift */ = {isa = PBXFileReference; lastKnownFileType = sourcecode.swift; path = NetworkService.swift; sourceTree = "<group>"; };
		87036B102AACB68000AD38C6 /* NetworkConfig.swift */ = {isa = PBXFileReference; lastKnownFileType = sourcecode.swift; path = NetworkConfig.swift; sourceTree = "<group>"; };
		87036B122AACB68A00AD38C6 /* Endpoint.swift */ = {isa = PBXFileReference; lastKnownFileType = sourcecode.swift; path = Endpoint.swift; sourceTree = "<group>"; };
		87036B142AACE7F500AD38C6 /* DefaultMoviesRepository.swift */ = {isa = PBXFileReference; lastKnownFileType = sourcecode.swift; name = DefaultMoviesRepository.swift; path = ../DefaultMoviesRepository.swift; sourceTree = "<group>"; };
		87036B172AACE87100AD38C6 /* MoviesResponseStorage.swift */ = {isa = PBXFileReference; lastKnownFileType = sourcecode.swift; path = MoviesResponseStorage.swift; sourceTree = "<group>"; };
		87036B1A2AACE91400AD38C6 /* RepositoryTask.swift */ = {isa = PBXFileReference; fileEncoding = 4; lastKnownFileType = sourcecode.swift; path = RepositoryTask.swift; sourceTree = "<group>"; };
		87036B1D2AACEB6A00AD38C6 /* Cancellable.swift */ = {isa = PBXFileReference; lastKnownFileType = sourcecode.swift; path = Cancellable.swift; sourceTree = "<group>"; };
		871D0F112A97D0A30097D6F1 /* CleanArchitecture_byTMDb.app */ = {isa = PBXFileReference; explicitFileType = wrapper.application; includeInIndex = 0; path = CleanArchitecture_byTMDb.app; sourceTree = BUILT_PRODUCTS_DIR; };
		871D0F142A97D0A30097D6F1 /* AppDelegate.swift */ = {isa = PBXFileReference; lastKnownFileType = sourcecode.swift; path = AppDelegate.swift; sourceTree = "<group>"; };
		871D0F162A97D0A30097D6F1 /* SceneDelegate.swift */ = {isa = PBXFileReference; lastKnownFileType = sourcecode.swift; path = SceneDelegate.swift; sourceTree = "<group>"; };
		871D0F1B2A97D0A30097D6F1 /* Base */ = {isa = PBXFileReference; lastKnownFileType = file.storyboard; name = Base; path = Base.lproj/Main.storyboard; sourceTree = "<group>"; };
		871D0F1D2A97D0A40097D6F1 /* Assets.xcassets */ = {isa = PBXFileReference; lastKnownFileType = folder.assetcatalog; path = Assets.xcassets; sourceTree = "<group>"; };
		871D0F202A97D0A40097D6F1 /* Base */ = {isa = PBXFileReference; lastKnownFileType = file.storyboard; name = Base; path = Base.lproj/LaunchScreen.storyboard; sourceTree = "<group>"; };
		871D0F222A97D0A40097D6F1 /* Info.plist */ = {isa = PBXFileReference; lastKnownFileType = text.plist.xml; path = Info.plist; sourceTree = "<group>"; };
		871D0F3B2A97DF240097D6F1 /* MovieInfo.plist */ = {isa = PBXFileReference; lastKnownFileType = text.plist.xml; path = MovieInfo.plist; sourceTree = "<group>"; };
		871D0F3D2A97DFC30097D6F1 /* HideApiKey++Bundle.swift */ = {isa = PBXFileReference; lastKnownFileType = sourcecode.swift; path = "HideApiKey++Bundle.swift"; sourceTree = "<group>"; };
		871D0F3F2A98D8A00097D6F1 /* StoryboardInstantiable.swift */ = {isa = PBXFileReference; lastKnownFileType = sourcecode.swift; path = StoryboardInstantiable.swift; sourceTree = "<group>"; };
		871D0F462A98E0E00097D6F1 /* MovieDiscover.swift */ = {isa = PBXFileReference; lastKnownFileType = sourcecode.swift; path = MovieDiscover.swift; sourceTree = "<group>"; };
		871D0F482A98E2DF0097D6F1 /* MoviesDiscoverResponseDTO+Mapping.swift */ = {isa = PBXFileReference; lastKnownFileType = sourcecode.swift; path = "MoviesDiscoverResponseDTO+Mapping.swift"; sourceTree = "<group>"; };
		871D0F4A2A99087A0097D6F1 /* MovieDiscoverOrigin.swift */ = {isa = PBXFileReference; lastKnownFileType = sourcecode.swift; path = MovieDiscoverOrigin.swift; sourceTree = "<group>"; };
		871D0F4C2A990A3B0097D6F1 /* APIEndpoints.swift */ = {isa = PBXFileReference; lastKnownFileType = sourcecode.swift; path = APIEndpoints.swift; sourceTree = "<group>"; };
		871D0F502A99111C0097D6F1 /* MovieRankingViewModel.swift */ = {isa = PBXFileReference; lastKnownFileType = sourcecode.swift; path = MovieRankingViewModel.swift; sourceTree = "<group>"; };
		871D0F532A9913F60097D6F1 /* myPackages */ = {isa = PBXFileReference; lastKnownFileType = wrapper; name = myPackages; path = ../../../../myPackages; sourceTree = "<group>"; };
		871D0F542A9914210097D6F1 /* myPackages */ = {isa = PBXFileReference; lastKnownFileType = wrapper; name = myPackages; path = ../../../../myPackages; sourceTree = "<group>"; };
		871D0F5D2A9920110097D6F1 /* MovieRankingViewController.swift */ = {isa = PBXFileReference; fileEncoding = 4; lastKnownFileType = sourcecode.swift; path = MovieRankingViewController.swift; sourceTree = "<group>"; };
		871D0F622A99233E0097D6F1 /* Movie.swift */ = {isa = PBXFileReference; lastKnownFileType = sourcecode.swift; path = Movie.swift; sourceTree = "<group>"; };
/* End PBXFileReference section */

/* Begin PBXFrameworksBuildPhase section */
		871D0F0E2A97D0A30097D6F1 /* Frameworks */ = {
			isa = PBXFrameworksBuildPhase;
			buildActionMask = 2147483647;
			files = (
				871D0F612A99217A0097D6F1 /* SDWebImage in Frameworks */,
				871D0F5A2A9914E60097D6F1 /* Alamofire in Frameworks */,
			);
			runOnlyForDeploymentPostprocessing = 0;
		};
/* End PBXFrameworksBuildPhase section */

/* Begin PBXGroup section */
		87036AF72AACA1CB00AD38C6 /* MovieQueriesList */ = {
			isa = PBXGroup;
			children = (
				87036AF92AACA21400AD38C6 /* View */,
				87036AF82AACA20300AD38C6 /* ViewModel */,
			);
			path = MovieQueriesList;
			sourceTree = "<group>";
		};
		87036AF82AACA20300AD38C6 /* ViewModel */ = {
			isa = PBXGroup;
			children = (
			);
			path = ViewModel;
			sourceTree = "<group>";
		};
		87036AF92AACA21400AD38C6 /* View */ = {
			isa = PBXGroup;
			children = (
			);
			path = View;
			sourceTree = "<group>";
		};
		87036B082AACB4F500AD38C6 /* Repositories */ = {
			isa = PBXGroup;
			children = (
				87036B142AACE7F500AD38C6 /* DefaultMoviesRepository.swift */,
				87036B192AACE91400AD38C6 /* Utils */,
			);
			path = Repositories;
			sourceTree = "<group>";
		};
		87036B0B2AACB56B00AD38C6 /* Network */ = {
			isa = PBXGroup;
			children = (
				87036B0C2AACB58700AD38C6 /* DataTransferService.swift */,
				87036B0E2AACB5C100AD38C6 /* NetworkService.swift */,
				87036B122AACB68A00AD38C6 /* Endpoint.swift */,
				87036B102AACB68000AD38C6 /* NetworkConfig.swift */,
			);
			path = Network;
			sourceTree = "<group>";
		};
		87036B162AACE85300AD38C6 /* PersistentStorages */ = {
			isa = PBXGroup;
			children = (
				87036B172AACE87100AD38C6 /* MoviesResponseStorage.swift */,
			);
			path = PersistentStorages;
			sourceTree = "<group>";
		};
		87036B192AACE91400AD38C6 /* Utils */ = {
			isa = PBXGroup;
			children = (
				87036B1A2AACE91400AD38C6 /* RepositoryTask.swift */,
			);
			path = Utils;
			sourceTree = "<group>";
		};
		87036B1C2AACEB5900AD38C6 /* Commons */ = {
			isa = PBXGroup;
			children = (
				87036B1D2AACEB6A00AD38C6 /* Cancellable.swift */,
			);
			path = Commons;
			sourceTree = "<group>";
		};
		871D0F082A97D0A30097D6F1 = {
			isa = PBXGroup;
			children = (
				871D0F522A9913F60097D6F1 /* Packages */,
				871D0F132A97D0A30097D6F1 /* CleanArchitecture_byTMDb */,
				871D0F122A97D0A30097D6F1 /* Products */,
				871D0F552A99145E0097D6F1 /* Frameworks */,
			);
			sourceTree = "<group>";
		};
		871D0F122A97D0A30097D6F1 /* Products */ = {
			isa = PBXGroup;
			children = (
				871D0F112A97D0A30097D6F1 /* CleanArchitecture_byTMDb.app */,
			);
			name = Products;
			sourceTree = "<group>";
		};
		871D0F132A97D0A30097D6F1 /* CleanArchitecture_byTMDb */ = {
			isa = PBXGroup;
			children = (
				87036B1C2AACEB5900AD38C6 /* Commons */,
				871D0F282A97D2440097D6F1 /* Application */,
				871D0F2A2A97D2DE0097D6F1 /* Presentation */,
				871D0F2B2A97D2FA0097D6F1 /* Domain */,
				871D0F2C2A97D4590097D6F1 /* Data */,
				871D0F2D2A97D4610097D6F1 /* Infrastructure */,
				871D0F2E2A97D4730097D6F1 /* Resources */,
			);
			path = CleanArchitecture_byTMDb;
			sourceTree = "<group>";
		};
		871D0F282A97D2440097D6F1 /* Application */ = {
			isa = PBXGroup;
			children = (
				871D0F142A97D0A30097D6F1 /* AppDelegate.swift */,
				871D0F162A97D0A30097D6F1 /* SceneDelegate.swift */,
				871D0F292A97D2A40097D6F1 /* DIContainer */,
			);
			path = Application;
			sourceTree = "<group>";
		};
		871D0F292A97D2A40097D6F1 /* DIContainer */ = {
			isa = PBXGroup;
			children = (
				871D0F3D2A97DFC30097D6F1 /* HideApiKey++Bundle.swift */,
			);
			path = DIContainer;
			sourceTree = "<group>";
		};
		871D0F2A2A97D2DE0097D6F1 /* Presentation */ = {
			isa = PBXGroup;
			children = (
				871D0F2F2A97D52A0097D6F1 /* MovieScenes */,
				871D0F302A97D53A0097D6F1 /* Utils */,
			);
			path = Presentation;
			sourceTree = "<group>";
		};
		871D0F2B2A97D2FA0097D6F1 /* Domain */ = {
			isa = PBXGroup;
			children = (
				871D0F332A97D6950097D6F1 /* Entities */,
				871D0F342A97D6A10097D6F1 /* UseCases */,
				871D0F352A97D6B60097D6F1 /* Interfaces */,
			);
			path = Domain;
			sourceTree = "<group>";
		};
		871D0F2C2A97D4590097D6F1 /* Data */ = {
			isa = PBXGroup;
			children = (
				87036B082AACB4F500AD38C6 /* Repositories */,
				871D0F372A97D7D20097D6F1 /* Network */,
			);
			path = Data;
			sourceTree = "<group>";
		};
		871D0F2D2A97D4610097D6F1 /* Infrastructure */ = {
			isa = PBXGroup;
			children = (
				87036B0B2AACB56B00AD38C6 /* Network */,
			);
			path = Infrastructure;
			sourceTree = "<group>";
		};
		871D0F2E2A97D4730097D6F1 /* Resources */ = {
			isa = PBXGroup;
			children = (
				871D0F222A97D0A40097D6F1 /* Info.plist */,
				871D0F1D2A97D0A40097D6F1 /* Assets.xcassets */,
				871D0F1F2A97D0A40097D6F1 /* LaunchScreen.storyboard */,
				871D0F3B2A97DF240097D6F1 /* MovieInfo.plist */,
			);
			path = Resources;
			sourceTree = "<group>";
		};
		871D0F2F2A97D52A0097D6F1 /* MovieScenes */ = {
			isa = PBXGroup;
			children = (
				87036AF72AACA1CB00AD38C6 /* MovieQueriesList */,
				871D0F412A98D9D70097D6F1 /* MovieRanking */,
			);
			path = MovieScenes;
			sourceTree = "<group>";
		};
		871D0F302A97D53A0097D6F1 /* Utils */ = {
			isa = PBXGroup;
			children = (
				871D0F312A97D66E0097D6F1 /* Extensions */,
				871D0F322A97D6760097D6F1 /* Protocols */,
			);
			path = Utils;
			sourceTree = "<group>";
		};
		871D0F312A97D66E0097D6F1 /* Extensions */ = {
			isa = PBXGroup;
			children = (
			);
			path = Extensions;
			sourceTree = "<group>";
		};
		871D0F322A97D6760097D6F1 /* Protocols */ = {
			isa = PBXGroup;
			children = (
				871D0F3F2A98D8A00097D6F1 /* StoryboardInstantiable.swift */,
			);
			path = Protocols;
			sourceTree = "<group>";
		};
		871D0F332A97D6950097D6F1 /* Entities */ = {
			isa = PBXGroup;
			children = (
				87036AFC2AACA4CE00AD38C6 /* MovieDetail.swift */,
				871D0F462A98E0E00097D6F1 /* MovieDiscover.swift */,
				871D0F4A2A99087A0097D6F1 /* MovieDiscoverOrigin.swift */,
				87036AFA2AACA2B000AD38C6 /* MovieQuery.swift */,
			);
			path = Entities;
			sourceTree = "<group>";
		};
		871D0F342A97D6A10097D6F1 /* UseCases */ = {
			isa = PBXGroup;
			children = (
				87036B022AACB30700AD38C6 /* SearchMoviesUseCase.swift */,
				87036B042AACB31800AD38C6 /* FetchRecentMovieQueriesUseCase.swift */,
			);
			path = UseCases;
			sourceTree = "<group>";
		};
		871D0F352A97D6B60097D6F1 /* Interfaces */ = {
			isa = PBXGroup;
			children = (
				871D0F362A97D6C70097D6F1 /* Repositories */,
			);
			path = Interfaces;
			sourceTree = "<group>";
		};
		871D0F362A97D6C70097D6F1 /* Repositories */ = {
			isa = PBXGroup;
			children = (
				87036B062AACB3AF00AD38C6 /* MovieRepository.swift */,
			);
			path = Repositories;
			sourceTree = "<group>";
		};
		871D0F372A97D7D20097D6F1 /* Network */ = {
			isa = PBXGroup;
			children = (
				871D0F622A99233E0097D6F1 /* Movie.swift */,
				871D0F4C2A990A3B0097D6F1 /* APIEndpoints.swift */,
				871D0F382A97D8050097D6F1 /* DataMapping */,
				87036B162AACE85300AD38C6 /* PersistentStorages */,
			);
			path = Network;
			sourceTree = "<group>";
		};
		871D0F382A97D8050097D6F1 /* DataMapping */ = {
			isa = PBXGroup;
			children = (
				871D0F482A98E2DF0097D6F1 /* MoviesDiscoverResponseDTO+Mapping.swift */,
				87036AFE2AACA66300AD38C6 /* MoviesRequestDTO+Mapping.swift */,
				87036B002AACA70900AD38C6 /* MoviesQueryResponseDTO+Mapping.swift */,
			);
			path = DataMapping;
			sourceTree = "<group>";
		};
		871D0F412A98D9D70097D6F1 /* MovieRanking */ = {
			isa = PBXGroup;
			children = (
				871D0F1A2A97D0A30097D6F1 /* Main.storyboard */,
				871D0F442A98DA0E0097D6F1 /* View */,
				871D0F452A98DA200097D6F1 /* ViewModel */,
			);
			path = MovieRanking;
			sourceTree = "<group>";
		};
		871D0F442A98DA0E0097D6F1 /* View */ = {
			isa = PBXGroup;
			children = (
				871D0F5D2A9920110097D6F1 /* MovieRankingViewController.swift */,
			);
			path = View;
			sourceTree = "<group>";
		};
		871D0F452A98DA200097D6F1 /* ViewModel */ = {
			isa = PBXGroup;
			children = (
				871D0F502A99111C0097D6F1 /* MovieRankingViewModel.swift */,
			);
			path = ViewModel;
			sourceTree = "<group>";
		};
		871D0F522A9913F60097D6F1 /* Packages */ = {
			isa = PBXGroup;
			children = (
				871D0F532A9913F60097D6F1 /* myPackages */,
				871D0F542A9914210097D6F1 /* myPackages */,
			);
			name = Packages;
			sourceTree = "<group>";
		};
		871D0F552A99145E0097D6F1 /* Frameworks */ = {
			isa = PBXGroup;
			children = (
			);
			name = Frameworks;
			sourceTree = "<group>";
		};
/* End PBXGroup section */

/* Begin PBXNativeTarget section */
		871D0F102A97D0A30097D6F1 /* CleanArchitecture_byTMDb */ = {
			isa = PBXNativeTarget;
			buildConfigurationList = 871D0F252A97D0A40097D6F1 /* Build configuration list for PBXNativeTarget "CleanArchitecture_byTMDb" */;
			buildPhases = (
				871D0F0D2A97D0A30097D6F1 /* Sources */,
				871D0F0E2A97D0A30097D6F1 /* Frameworks */,
				871D0F0F2A97D0A30097D6F1 /* Resources */,
			);
			buildRules = (
			);
			dependencies = (
			);
			name = CleanArchitecture_byTMDb;
			packageProductDependencies = (
				871D0F592A9914E60097D6F1 /* Alamofire */,
				871D0F602A99217A0097D6F1 /* SDWebImage */,
			);
			productName = CleanArchitecture_byTMDb;
			productReference = 871D0F112A97D0A30097D6F1 /* CleanArchitecture_byTMDb.app */;
			productType = "com.apple.product-type.application";
		};
/* End PBXNativeTarget section */

/* Begin PBXProject section */
		871D0F092A97D0A30097D6F1 /* Project object */ = {
			isa = PBXProject;
			attributes = {
				BuildIndependentTargetsInParallel = 1;
				LastSwiftUpdateCheck = 1430;
				LastUpgradeCheck = 1430;
				TargetAttributes = {
					871D0F102A97D0A30097D6F1 = {
						CreatedOnToolsVersion = 14.3.1;
					};
				};
			};
			buildConfigurationList = 871D0F0C2A97D0A30097D6F1 /* Build configuration list for PBXProject "CleanArchitecture_byTMDb" */;
			compatibilityVersion = "Xcode 14.0";
			developmentRegion = en;
			hasScannedForEncodings = 0;
			knownRegions = (
				en,
				Base,
			);
			mainGroup = 871D0F082A97D0A30097D6F1;
			packageReferences = (
				871D0F582A9914E60097D6F1 /* XCRemoteSwiftPackageReference "Alamofire" */,
				871D0F5F2A99217A0097D6F1 /* XCRemoteSwiftPackageReference "SDWebImage" */,
			);
			productRefGroup = 871D0F122A97D0A30097D6F1 /* Products */;
			projectDirPath = "";
			projectRoot = "";
			targets = (
				871D0F102A97D0A30097D6F1 /* CleanArchitecture_byTMDb */,
			);
		};
/* End PBXProject section */

/* Begin PBXResourcesBuildPhase section */
		871D0F0F2A97D0A30097D6F1 /* Resources */ = {
			isa = PBXResourcesBuildPhase;
			buildActionMask = 2147483647;
			files = (
				871D0F212A97D0A40097D6F1 /* LaunchScreen.storyboard in Resources */,
				871D0F3C2A97DF240097D6F1 /* MovieInfo.plist in Resources */,
				871D0F1E2A97D0A40097D6F1 /* Assets.xcassets in Resources */,
				871D0F1C2A97D0A30097D6F1 /* Main.storyboard in Resources */,
			);
			runOnlyForDeploymentPostprocessing = 0;
		};
/* End PBXResourcesBuildPhase section */

/* Begin PBXSourcesBuildPhase section */
		871D0F0D2A97D0A30097D6F1 /* Sources */ = {
			isa = PBXSourcesBuildPhase;
			buildActionMask = 2147483647;
			files = (
				87036B0F2AACB5C100AD38C6 /* NetworkService.swift in Sources */,
				87036B0D2AACB58700AD38C6 /* DataTransferService.swift in Sources */,
				87036B032AACB30700AD38C6 /* SearchMoviesUseCase.swift in Sources */,
				87036AFD2AACA4CE00AD38C6 /* MovieDetail.swift in Sources */,
				87036B112AACB68000AD38C6 /* NetworkConfig.swift in Sources */,
				871D0F152A97D0A30097D6F1 /* AppDelegate.swift in Sources */,
				87036B052AACB31800AD38C6 /* FetchRecentMovieQueriesUseCase.swift in Sources */,
				87036AFB2AACA2B000AD38C6 /* MovieQuery.swift in Sources */,
				87036B1B2AACE91400AD38C6 /* RepositoryTask.swift in Sources */,
				87036B152AACE7F500AD38C6 /* DefaultMoviesRepository.swift in Sources */,
				871D0F172A97D0A30097D6F1 /* SceneDelegate.swift in Sources */,
				87036AFF2AACA66300AD38C6 /* MoviesRequestDTO+Mapping.swift in Sources */,
				87036B132AACB68A00AD38C6 /* Endpoint.swift in Sources */,
				87036B182AACE87100AD38C6 /* MoviesResponseStorage.swift in Sources */,
				87036B1E2AACEB6A00AD38C6 /* Cancellable.swift in Sources */,
				87036B012AACA70900AD38C6 /* MoviesQueryResponseDTO+Mapping.swift in Sources */,
				87036B072AACB3AF00AD38C6 /* MovieRepository.swift in Sources */,
				871D0F632A99233E0097D6F1 /* Movie.swift in Sources */,
				871D0F492A98E2DF0097D6F1 /* MoviesDiscoverResponseDTO+Mapping.swift in Sources */,
				871D0F5E2A9920110097D6F1 /* MovieRankingViewController.swift in Sources */,
				871D0F512A99111C0097D6F1 /* MovieRankingViewModel.swift in Sources */,
				871D0F4D2A990A3B0097D6F1 /* APIEndpoints.swift in Sources */,
				871D0F4B2A99087A0097D6F1 /* MovieDiscoverOrigin.swift in Sources */,
				871D0F402A98D8A00097D6F1 /* StoryboardInstantiable.swift in Sources */,
				871D0F472A98E0E00097D6F1 /* MovieDiscover.swift in Sources */,
				871D0F3E2A97DFC30097D6F1 /* HideApiKey++Bundle.swift in Sources */,
			);
			runOnlyForDeploymentPostprocessing = 0;
		};
/* End PBXSourcesBuildPhase section */

/* Begin PBXVariantGroup section */
		871D0F1A2A97D0A30097D6F1 /* Main.storyboard */ = {
			isa = PBXVariantGroup;
			children = (
				871D0F1B2A97D0A30097D6F1 /* Base */,
			);
			name = Main.storyboard;
			sourceTree = "<group>";
		};
		871D0F1F2A97D0A40097D6F1 /* LaunchScreen.storyboard */ = {
			isa = PBXVariantGroup;
			children = (
				871D0F202A97D0A40097D6F1 /* Base */,
			);
			name = LaunchScreen.storyboard;
			sourceTree = "<group>";
		};
/* End PBXVariantGroup section */

/* Begin XCBuildConfiguration section */
		871D0F232A97D0A40097D6F1 /* Debug */ = {
			isa = XCBuildConfiguration;
			buildSettings = {
				ALWAYS_SEARCH_USER_PATHS = NO;
				CLANG_ANALYZER_NONNULL = YES;
				CLANG_ANALYZER_NUMBER_OBJECT_CONVERSION = YES_AGGRESSIVE;
				CLANG_CXX_LANGUAGE_STANDARD = "gnu++20";
				CLANG_ENABLE_MODULES = YES;
				CLANG_ENABLE_OBJC_ARC = YES;
				CLANG_ENABLE_OBJC_WEAK = YES;
				CLANG_WARN_BLOCK_CAPTURE_AUTORELEASING = YES;
				CLANG_WARN_BOOL_CONVERSION = YES;
				CLANG_WARN_COMMA = YES;
				CLANG_WARN_CONSTANT_CONVERSION = YES;
				CLANG_WARN_DEPRECATED_OBJC_IMPLEMENTATIONS = YES;
				CLANG_WARN_DIRECT_OBJC_ISA_USAGE = YES_ERROR;
				CLANG_WARN_DOCUMENTATION_COMMENTS = YES;
				CLANG_WARN_EMPTY_BODY = YES;
				CLANG_WARN_ENUM_CONVERSION = YES;
				CLANG_WARN_INFINITE_RECURSION = YES;
				CLANG_WARN_INT_CONVERSION = YES;
				CLANG_WARN_NON_LITERAL_NULL_CONVERSION = YES;
				CLANG_WARN_OBJC_IMPLICIT_RETAIN_SELF = YES;
				CLANG_WARN_OBJC_LITERAL_CONVERSION = YES;
				CLANG_WARN_OBJC_ROOT_CLASS = YES_ERROR;
				CLANG_WARN_QUOTED_INCLUDE_IN_FRAMEWORK_HEADER = YES;
				CLANG_WARN_RANGE_LOOP_ANALYSIS = YES;
				CLANG_WARN_STRICT_PROTOTYPES = YES;
				CLANG_WARN_SUSPICIOUS_MOVE = YES;
				CLANG_WARN_UNGUARDED_AVAILABILITY = YES_AGGRESSIVE;
				CLANG_WARN_UNREACHABLE_CODE = YES;
				CLANG_WARN__DUPLICATE_METHOD_MATCH = YES;
				COPY_PHASE_STRIP = NO;
				DEBUG_INFORMATION_FORMAT = dwarf;
				ENABLE_STRICT_OBJC_MSGSEND = YES;
				ENABLE_TESTABILITY = YES;
				GCC_C_LANGUAGE_STANDARD = gnu11;
				GCC_DYNAMIC_NO_PIC = NO;
				GCC_NO_COMMON_BLOCKS = YES;
				GCC_OPTIMIZATION_LEVEL = 0;
				GCC_PREPROCESSOR_DEFINITIONS = (
					"DEBUG=1",
					"$(inherited)",
				);
				GCC_WARN_64_TO_32_BIT_CONVERSION = YES;
				GCC_WARN_ABOUT_RETURN_TYPE = YES_ERROR;
				GCC_WARN_UNDECLARED_SELECTOR = YES;
				GCC_WARN_UNINITIALIZED_AUTOS = YES_AGGRESSIVE;
				GCC_WARN_UNUSED_FUNCTION = YES;
				GCC_WARN_UNUSED_VARIABLE = YES;
				IPHONEOS_DEPLOYMENT_TARGET = 16.4;
				MTL_ENABLE_DEBUG_INFO = INCLUDE_SOURCE;
				MTL_FAST_MATH = YES;
				ONLY_ACTIVE_ARCH = YES;
				SDKROOT = iphoneos;
				SWIFT_ACTIVE_COMPILATION_CONDITIONS = DEBUG;
				SWIFT_OPTIMIZATION_LEVEL = "-Onone";
			};
			name = Debug;
		};
		871D0F242A97D0A40097D6F1 /* Release */ = {
			isa = XCBuildConfiguration;
			buildSettings = {
				ALWAYS_SEARCH_USER_PATHS = NO;
				CLANG_ANALYZER_NONNULL = YES;
				CLANG_ANALYZER_NUMBER_OBJECT_CONVERSION = YES_AGGRESSIVE;
				CLANG_CXX_LANGUAGE_STANDARD = "gnu++20";
				CLANG_ENABLE_MODULES = YES;
				CLANG_ENABLE_OBJC_ARC = YES;
				CLANG_ENABLE_OBJC_WEAK = YES;
				CLANG_WARN_BLOCK_CAPTURE_AUTORELEASING = YES;
				CLANG_WARN_BOOL_CONVERSION = YES;
				CLANG_WARN_COMMA = YES;
				CLANG_WARN_CONSTANT_CONVERSION = YES;
				CLANG_WARN_DEPRECATED_OBJC_IMPLEMENTATIONS = YES;
				CLANG_WARN_DIRECT_OBJC_ISA_USAGE = YES_ERROR;
				CLANG_WARN_DOCUMENTATION_COMMENTS = YES;
				CLANG_WARN_EMPTY_BODY = YES;
				CLANG_WARN_ENUM_CONVERSION = YES;
				CLANG_WARN_INFINITE_RECURSION = YES;
				CLANG_WARN_INT_CONVERSION = YES;
				CLANG_WARN_NON_LITERAL_NULL_CONVERSION = YES;
				CLANG_WARN_OBJC_IMPLICIT_RETAIN_SELF = YES;
				CLANG_WARN_OBJC_LITERAL_CONVERSION = YES;
				CLANG_WARN_OBJC_ROOT_CLASS = YES_ERROR;
				CLANG_WARN_QUOTED_INCLUDE_IN_FRAMEWORK_HEADER = YES;
				CLANG_WARN_RANGE_LOOP_ANALYSIS = YES;
				CLANG_WARN_STRICT_PROTOTYPES = YES;
				CLANG_WARN_SUSPICIOUS_MOVE = YES;
				CLANG_WARN_UNGUARDED_AVAILABILITY = YES_AGGRESSIVE;
				CLANG_WARN_UNREACHABLE_CODE = YES;
				CLANG_WARN__DUPLICATE_METHOD_MATCH = YES;
				COPY_PHASE_STRIP = NO;
				DEBUG_INFORMATION_FORMAT = "dwarf-with-dsym";
				ENABLE_NS_ASSERTIONS = NO;
				ENABLE_STRICT_OBJC_MSGSEND = YES;
				GCC_C_LANGUAGE_STANDARD = gnu11;
				GCC_NO_COMMON_BLOCKS = YES;
				GCC_WARN_64_TO_32_BIT_CONVERSION = YES;
				GCC_WARN_ABOUT_RETURN_TYPE = YES_ERROR;
				GCC_WARN_UNDECLARED_SELECTOR = YES;
				GCC_WARN_UNINITIALIZED_AUTOS = YES_AGGRESSIVE;
				GCC_WARN_UNUSED_FUNCTION = YES;
				GCC_WARN_UNUSED_VARIABLE = YES;
				IPHONEOS_DEPLOYMENT_TARGET = 16.4;
				MTL_ENABLE_DEBUG_INFO = NO;
				MTL_FAST_MATH = YES;
				SDKROOT = iphoneos;
				SWIFT_COMPILATION_MODE = wholemodule;
				SWIFT_OPTIMIZATION_LEVEL = "-O";
				VALIDATE_PRODUCT = YES;
			};
			name = Release;
		};
		871D0F262A97D0A40097D6F1 /* Debug */ = {
			isa = XCBuildConfiguration;
			buildSettings = {
				ASSETCATALOG_COMPILER_APPICON_NAME = AppIcon;
				ASSETCATALOG_COMPILER_GLOBAL_ACCENT_COLOR_NAME = AccentColor;
				CODE_SIGN_STYLE = Automatic;
				CURRENT_PROJECT_VERSION = 1;
				DEVELOPMENT_TEAM = 2P5FNS3JAJ;
				GENERATE_INFOPLIST_FILE = YES;
				INFOPLIST_FILE = CleanArchitecture_byTMDb/Resources/Info.plist;
				INFOPLIST_KEY_UIApplicationSupportsIndirectInputEvents = YES;
				INFOPLIST_KEY_UILaunchStoryboardName = LaunchScreen;
				INFOPLIST_KEY_UIMainStoryboardFile = Main;
				INFOPLIST_KEY_UISupportedInterfaceOrientations_iPad = "UIInterfaceOrientationPortrait UIInterfaceOrientationPortraitUpsideDown UIInterfaceOrientationLandscapeLeft UIInterfaceOrientationLandscapeRight";
				INFOPLIST_KEY_UISupportedInterfaceOrientations_iPhone = "UIInterfaceOrientationPortrait UIInterfaceOrientationLandscapeLeft UIInterfaceOrientationLandscapeRight";
				LD_RUNPATH_SEARCH_PATHS = (
					"$(inherited)",
					"@executable_path/Frameworks",
				);
				MARKETING_VERSION = 1.0;
				PRODUCT_BUNDLE_IDENTIFIER = "com.seohyun.iOSApp.CleanArchitecture-byTMDb";
				PRODUCT_NAME = "$(TARGET_NAME)";
				SWIFT_EMIT_LOC_STRINGS = YES;
				SWIFT_VERSION = 5.0;
				TARGETED_DEVICE_FAMILY = "1,2";
			};
			name = Debug;
		};
		871D0F272A97D0A40097D6F1 /* Release */ = {
			isa = XCBuildConfiguration;
			buildSettings = {
				ASSETCATALOG_COMPILER_APPICON_NAME = AppIcon;
				ASSETCATALOG_COMPILER_GLOBAL_ACCENT_COLOR_NAME = AccentColor;
				CODE_SIGN_STYLE = Automatic;
				CURRENT_PROJECT_VERSION = 1;
				DEVELOPMENT_TEAM = 2P5FNS3JAJ;
				GENERATE_INFOPLIST_FILE = YES;
				INFOPLIST_FILE = CleanArchitecture_byTMDb/Resources/Info.plist;
				INFOPLIST_KEY_UIApplicationSupportsIndirectInputEvents = YES;
				INFOPLIST_KEY_UILaunchStoryboardName = LaunchScreen;
				INFOPLIST_KEY_UIMainStoryboardFile = Main;
				INFOPLIST_KEY_UISupportedInterfaceOrientations_iPad = "UIInterfaceOrientationPortrait UIInterfaceOrientationPortraitUpsideDown UIInterfaceOrientationLandscapeLeft UIInterfaceOrientationLandscapeRight";
				INFOPLIST_KEY_UISupportedInterfaceOrientations_iPhone = "UIInterfaceOrientationPortrait UIInterfaceOrientationLandscapeLeft UIInterfaceOrientationLandscapeRight";
				LD_RUNPATH_SEARCH_PATHS = (
					"$(inherited)",
					"@executable_path/Frameworks",
				);
				MARKETING_VERSION = 1.0;
				PRODUCT_BUNDLE_IDENTIFIER = "com.seohyun.iOSApp.CleanArchitecture-byTMDb";
				PRODUCT_NAME = "$(TARGET_NAME)";
				SWIFT_EMIT_LOC_STRINGS = YES;
				SWIFT_VERSION = 5.0;
				TARGETED_DEVICE_FAMILY = "1,2";
			};
			name = Release;
		};
/* End XCBuildConfiguration section */

/* Begin XCConfigurationList section */
		871D0F0C2A97D0A30097D6F1 /* Build configuration list for PBXProject "CleanArchitecture_byTMDb" */ = {
			isa = XCConfigurationList;
			buildConfigurations = (
				871D0F232A97D0A40097D6F1 /* Debug */,
				871D0F242A97D0A40097D6F1 /* Release */,
			);
			defaultConfigurationIsVisible = 0;
			defaultConfigurationName = Release;
		};
		871D0F252A97D0A40097D6F1 /* Build configuration list for PBXNativeTarget "CleanArchitecture_byTMDb" */ = {
			isa = XCConfigurationList;
			buildConfigurations = (
				871D0F262A97D0A40097D6F1 /* Debug */,
				871D0F272A97D0A40097D6F1 /* Release */,
			);
			defaultConfigurationIsVisible = 0;
			defaultConfigurationName = Release;
		};
/* End XCConfigurationList section */

/* Begin XCRemoteSwiftPackageReference section */
		871D0F582A9914E60097D6F1 /* XCRemoteSwiftPackageReference "Alamofire" */ = {
			isa = XCRemoteSwiftPackageReference;
			repositoryURL = "https://github.com/Alamofire/Alamofire.git";
			requirement = {
				kind = upToNextMajorVersion;
				minimumVersion = 5.0.0;
			};
		};
		871D0F5F2A99217A0097D6F1 /* XCRemoteSwiftPackageReference "SDWebImage" */ = {
			isa = XCRemoteSwiftPackageReference;
			repositoryURL = "https://github.com/SDWebImage/SDWebImage.git";
			requirement = {
				kind = upToNextMajorVersion;
				minimumVersion = 5.0.0;
			};
		};
/* End XCRemoteSwiftPackageReference section */

/* Begin XCSwiftPackageProductDependency section */
		871D0F592A9914E60097D6F1 /* Alamofire */ = {
			isa = XCSwiftPackageProductDependency;
			package = 871D0F582A9914E60097D6F1 /* XCRemoteSwiftPackageReference "Alamofire" */;
			productName = Alamofire;
		};
		871D0F602A99217A0097D6F1 /* SDWebImage */ = {
			isa = XCSwiftPackageProductDependency;
			package = 871D0F5F2A99217A0097D6F1 /* XCRemoteSwiftPackageReference "SDWebImage" */;
			productName = SDWebImage;
		};
/* End XCSwiftPackageProductDependency section */
	};
	rootObject = 871D0F092A97D0A30097D6F1 /* Project object */;
}
